PODS:
  - TencentOpenAPI-Swift (3.3.3)

DEPENDENCIES:
  - TencentOpenAPI-Swift (from `../`)

EXTERNAL SOURCES:
  TencentOpenAPI-Swift:
    :path: ../

SPEC CHECKSUMS:
  TencentOpenAPI-Swift: c0d574f2165d896725f8fa4826df087fa00894b3

PODFILE CHECKSUM: a07bc5eebbbf1ea6a21631df19f27d3d86ced35d

COCOAPODS: 1.4.0
